
Microsoft Visual Studio Solution File, Format Version 12.00
# Visual Studio Version 16
VisualStudioVersion = 16.0.31019.35
MinimumVisualStudioVersion = 10.0.40219.1
Project("{FAE04EC0-301F-11D3-BF4B-00C04F79EFBC}") = "Kolko_i_Krzyzyk", "Kolko_i_Krzyzyk\Kolko_i_Krzyzyk.csproj", "{94535BB2-BC54-4895-9FA7-8D6FB26C9781}"
EndProject
Global
	GlobalSection(SolutionConfigurationPlatforms) = preSolution
		Debug|Any CPU = Debug|Any CPU
		Release|Any CPU = Release|Any CPU
	EndGlobalSection
	GlobalSection(ProjectConfigurationPlatforms) = postSolution
		{94535BB2-BC54-4895-9FA7-8D6FB26C9781}.Debug|Any CPU.ActiveCfg = Debug|Any CPU
		{94535BB2-BC54-4895-9FA7-8D6FB26C9781}.Debug|Any CPU.Build.0 = Debug|Any CPU
		{94535BB2-BC54-4895-9FA7-8D6FB26C9781}.Release|Any CPU.ActiveCfg = Release|Any CPU
		{94535BB2-BC54-4895-9FA7-8D6FB26C9781}.Release|Any CPU.Build.0 = Release|Any CPU
	EndGlobalSection
	GlobalSection(SolutionProperties) = preSolution
		HideSolutionNode = FALSE
	EndGlobalSection
	GlobalSection(ExtensibilityGlobals) = postSolution
		SolutionGuid = {FC1F6200-5DE0-4752-B91D-68FB0842D3F2}
	EndGlobalSection
EndGlobal
